
Microsoft Visual Studio Solution File, Format Version 12.00
# Visual Studio Version 16
VisualStudioVersion = 16.0.29424.173
MinimumVisualStudioVersion = 10.0.40219.1
Project("{FAE04EC0-301F-11D3-BF4B-00C04F79EFBC}") = "DebugOne1", "DebugOne1\DebugOne1.csproj", "{38185B23-2270-46A5-A7A0-7B2F6B75CF78}"
EndProject
Global
	GlobalSection(SolutionConfigurationPlatforms) = preSolution
		Debug|Any CPU = Debug|Any CPU
		Release|Any CPU = Release|Any CPU
	EndGlobalSection
	GlobalSection(ProjectConfigurationPlatforms) = postSolution
		{38185B23-2270-46A5-A7A0-7B2F6B75CF78}.Debug|Any CPU.ActiveCfg = Debug|Any CPU
		{38185B23-2270-46A5-A7A0-7B2F6B75CF78}.Debug|Any CPU.Build.0 = Debug|Any CPU
		{38185B23-2270-46A5-A7A0-7B2F6B75CF78}.Release|Any CPU.ActiveCfg = Release|Any CPU
		{38185B23-2270-46A5-A7A0-7B2F6B75CF78}.Release|Any CPU.Build.0 = Release|Any CPU
	EndGlobalSection
	GlobalSection(SolutionProperties) = preSolution
		HideSolutionNode = FALSE
	EndGlobalSection
	GlobalSection(ExtensibilityGlobals) = postSolution
		SolutionGuid = {467C0CD9-BDDF-4E03-AFB0-3BE92406A61A}
	EndGlobalSection
EndGlobal
