
Microsoft Visual Studio Solution File, Format Version 12.00
# Visual Studio Version 16
VisualStudioVersion = 16.0.29424.173
MinimumVisualStudioVersion = 10.0.40219.1
Project("{FAE04EC0-301F-11D3-BF4B-00C04F79EFBC}") = "DebugOne2", "DebugOne2\DebugOne2.csproj", "{1FC272B4-3D55-4103-926A-C675B74ABDEC}"
EndProject
Global
	GlobalSection(SolutionConfigurationPlatforms) = preSolution
		Debug|Any CPU = Debug|Any CPU
		Release|Any CPU = Release|Any CPU
	EndGlobalSection
	GlobalSection(ProjectConfigurationPlatforms) = postSolution
		{1FC272B4-3D55-4103-926A-C675B74ABDEC}.Debug|Any CPU.ActiveCfg = Debug|Any CPU
		{1FC272B4-3D55-4103-926A-C675B74ABDEC}.Debug|Any CPU.Build.0 = Debug|Any CPU
		{1FC272B4-3D55-4103-926A-C675B74ABDEC}.Release|Any CPU.ActiveCfg = Release|Any CPU
		{1FC272B4-3D55-4103-926A-C675B74ABDEC}.Release|Any CPU.Build.0 = Release|Any CPU
	EndGlobalSection
	GlobalSection(SolutionProperties) = preSolution
		HideSolutionNode = FALSE
	EndGlobalSection
	GlobalSection(ExtensibilityGlobals) = postSolution
		SolutionGuid = {0110C0D4-A952-4E9E-81F7-3C9574468A2B}
	EndGlobalSection
EndGlobal
